
Microsoft Visual Studio Solution File, Format Version 12.00
# Visual Studio Version 17
VisualStudioVersion = 17.5.33627.172
MinimumVisualStudioVersion = 10.0.40219.1
Project("{8BC9CEB8-8B4A-11D0-8D11-00A0C91BC942}") = "inpproj", "inpproj\inpproj.vcxproj", "{BBFB2A03-191E-4545-A675-DE0AA42EB4E3}"
EndProject
Project("{8BC9CEB8-8B4A-11D0-8D11-00A0C91BC942}") = "inp2shp", "inp2shp\inp2shp.vcxproj", "{7A6187B8-181B-4157-9A40-52B0C8EBB3EF}"
EndProject
Project("{8BC9CEB8-8B4A-11D0-8D11-00A0C91BC942}") = "shp2inp", "shp2inp\shp2inp.vcxproj", "{77ED66CC-B516-4AF2-AB0F-C0ABC1F19651}"
EndProject
Global
	GlobalSection(SolutionConfigurationPlatforms) = preSolution
		Debug|x64 = Debug|x64
		Debug|x86 = Debug|x86
		Release|x64 = Release|x64
		Release|x86 = Release|x86
	EndGlobalSection
	GlobalSection(ProjectConfigurationPlatforms) = postSolution
		{BBFB2A03-191E-4545-A675-DE0AA42EB4E3}.Debug|x64.ActiveCfg = Debug|x64
		{BBFB2A03-191E-4545-A675-DE0AA42EB4E3}.Debug|x64.Build.0 = Debug|x64
		{BBFB2A03-191E-4545-A675-DE0AA42EB4E3}.Debug|x86.ActiveCfg = Debug|Win32
		{BBFB2A03-191E-4545-A675-DE0AA42EB4E3}.Debug|x86.Build.0 = Debug|Win32
		{BBFB2A03-191E-4545-A675-DE0AA42EB4E3}.Release|x64.ActiveCfg = Release|x64
		{BBFB2A03-191E-4545-A675-DE0AA42EB4E3}.Release|x64.Build.0 = Release|x64
		{BBFB2A03-191E-4545-A675-DE0AA42EB4E3}.Release|x86.ActiveCfg = Release|Win32
		{BBFB2A03-191E-4545-A675-DE0AA42EB4E3}.Release|x86.Build.0 = Release|Win32
		{7A6187B8-181B-4157-9A40-52B0C8EBB3EF}.Debug|x64.ActiveCfg = Debug|x64
		{7A6187B8-181B-4157-9A40-52B0C8EBB3EF}.Debug|x64.Build.0 = Debug|x64
		{7A6187B8-181B-4157-9A40-52B0C8EBB3EF}.Debug|x86.ActiveCfg = Debug|Win32
		{7A6187B8-181B-4157-9A40-52B0C8EBB3EF}.Debug|x86.Build.0 = Debug|Win32
		{7A6187B8-181B-4157-9A40-52B0C8EBB3EF}.Release|x64.ActiveCfg = Release|x64
		{7A6187B8-181B-4157-9A40-52B0C8EBB3EF}.Release|x64.Build.0 = Release|x64
		{7A6187B8-181B-4157-9A40-52B0C8EBB3EF}.Release|x86.ActiveCfg = Release|Win32
		{7A6187B8-181B-4157-9A40-52B0C8EBB3EF}.Release|x86.Build.0 = Release|Win32
		{77ED66CC-B516-4AF2-AB0F-C0ABC1F19651}.Debug|x64.ActiveCfg = Debug|x64
		{77ED66CC-B516-4AF2-AB0F-C0ABC1F19651}.Debug|x64.Build.0 = Debug|x64
		{77ED66CC-B516-4AF2-AB0F-C0ABC1F19651}.Debug|x86.ActiveCfg = Debug|Win32
		{77ED66CC-B516-4AF2-AB0F-C0ABC1F19651}.Debug|x86.Build.0 = Debug|Win32
		{77ED66CC-B516-4AF2-AB0F-C0ABC1F19651}.Release|x64.ActiveCfg = Release|x64
		{77ED66CC-B516-4AF2-AB0F-C0ABC1F19651}.Release|x64.Build.0 = Release|x64
		{77ED66CC-B516-4AF2-AB0F-C0ABC1F19651}.Release|x86.ActiveCfg = Release|Win32
		{77ED66CC-B516-4AF2-AB0F-C0ABC1F19651}.Release|x86.Build.0 = Release|Win32
	EndGlobalSection
	GlobalSection(SolutionProperties) = preSolution
		HideSolutionNode = FALSE
	EndGlobalSection
	GlobalSection(ExtensibilityGlobals) = postSolution
		SolutionGuid = {B586730F-F4EB-41C3-8C69-ACC595B56AF4}
	EndGlobalSection
EndGlobal
